// !$*UTF8*$!
{
	archiveVersion = 1;
	classes = {
	};
	objectVersion = 50;
	objects = {

/* Begin PBXBuildFile section */
		33CD61F80523CED9B229C19D /* Pods_IOS_Marvel.framework in Frameworks */ = {isa = PBXBuildFile; fileRef = 64F1D745C082D5A371788718 /* Pods_IOS_Marvel.framework */; };
		904B2F4521533B220021ECC9 /* HomeViewModel.swift in Sources */ = {isa = PBXBuildFile; fileRef = 904B2F4421533B220021ECC9 /* HomeViewModel.swift */; };
		904B2F4721533B3A0021ECC9 /* HomeNavigator.swift in Sources */ = {isa = PBXBuildFile; fileRef = 904B2F4621533B3A0021ECC9 /* HomeNavigator.swift */; };
		904B2F4E21533BCF0021ECC9 /* HomeViewController.swift in Sources */ = {isa = PBXBuildFile; fileRef = 904B2F4C21533BCF0021ECC9 /* HomeViewController.swift */; };
		904B2F4F21533BCF0021ECC9 /* HomeViewController.xib in Resources */ = {isa = PBXBuildFile; fileRef = 904B2F4D21533BCF0021ECC9 /* HomeViewController.xib */; };
		904B2F52215353830021ECC9 /* FavoriteViewController.swift in Sources */ = {isa = PBXBuildFile; fileRef = 904B2F50215353830021ECC9 /* FavoriteViewController.swift */; };
		904B2F53215353830021ECC9 /* FavoriteViewController.xib in Resources */ = {isa = PBXBuildFile; fileRef = 904B2F51215353830021ECC9 /* FavoriteViewController.xib */; };
		904B2F55215353A40021ECC9 /* FavoriteViewModel.swift in Sources */ = {isa = PBXBuildFile; fileRef = 904B2F54215353A40021ECC9 /* FavoriteViewModel.swift */; };
		904B2F57215353BB0021ECC9 /* FavoriteNavigator.swift in Sources */ = {isa = PBXBuildFile; fileRef = 904B2F56215353BB0021ECC9 /* FavoriteNavigator.swift */; };
		904B2F59215353FF0021ECC9 /* HeroViewModel.swift in Sources */ = {isa = PBXBuildFile; fileRef = 904B2F58215353FF0021ECC9 /* HeroViewModel.swift */; };
		904B2F5B215354130021ECC9 /* HeroNavigator.swift in Sources */ = {isa = PBXBuildFile; fileRef = 904B2F5A215354130021ECC9 /* HeroNavigator.swift */; };
		905EF8B221587D2D004EC962 /* DetailViewModel.swift in Sources */ = {isa = PBXBuildFile; fileRef = 905EF8B121587D2D004EC962 /* DetailViewModel.swift */; };
		905EF8B421587D42004EC962 /* DetailNavigator.swift in Sources */ = {isa = PBXBuildFile; fileRef = 905EF8B321587D42004EC962 /* DetailNavigator.swift */; };
		905EF8B721587D63004EC962 /* DetailViewController.swift in Sources */ = {isa = PBXBuildFile; fileRef = 905EF8B521587D63004EC962 /* DetailViewController.swift */; };
		905EF8B821587D63004EC962 /* DetailViewController.xib in Resources */ = {isa = PBXBuildFile; fileRef = 905EF8B621587D63004EC962 /* DetailViewController.xib */; };
		905EF8BA2158BEB1004EC962 /* URLTransform.swift in Sources */ = {isa = PBXBuildFile; fileRef = 905EF8B92158BEB1004EC962 /* URLTransform.swift */; };
		907C0C132154868900FA10AA /* AppError.swift in Sources */ = {isa = PBXBuildFile; fileRef = 907C0C122154868900FA10AA /* AppError.swift */; };
		907C0C152154892700FA10AA /* Response.swift in Sources */ = {isa = PBXBuildFile; fileRef = 907C0C142154892700FA10AA /* Response.swift */; };
		907C0C1721549D1100FA10AA /* ViewModelProtocol.swift in Sources */ = {isa = PBXBuildFile; fileRef = 907C0C1621549D1100FA10AA /* ViewModelProtocol.swift */; };
		907C0C192154C97D00FA10AA /* UICollectionView.swift in Sources */ = {isa = PBXBuildFile; fileRef = 907C0C182154C97D00FA10AA /* UICollectionView.swift */; };
		90CC1DBD21523C1600544DF8 /* AppDelegate.swift in Sources */ = {isa = PBXBuildFile; fileRef = 90CC1DBC21523C1600544DF8 /* AppDelegate.swift */; };
		90CC1DC221523C1600544DF8 /* Main.storyboard in Resources */ = {isa = PBXBuildFile; fileRef = 90CC1DC021523C1600544DF8 /* Main.storyboard */; };
		90CC1DC421523C1900544DF8 /* Assets.xcassets in Resources */ = {isa = PBXBuildFile; fileRef = 90CC1DC321523C1900544DF8 /* Assets.xcassets */; };
		90CC1DC721523C1900544DF8 /* LaunchScreen.storyboard in Resources */ = {isa = PBXBuildFile; fileRef = 90CC1DC521523C1900544DF8 /* LaunchScreen.storyboard */; };
		90CC1DD821523FD300544DF8 /* BaseViewModel.swift in Sources */ = {isa = PBXBuildFile; fileRef = 90CC1DD721523FD300544DF8 /* BaseViewModel.swift */; };
		90CC1DDE2152414A00544DF8 /* RxUIViewController.swift in Sources */ = {isa = PBXBuildFile; fileRef = 90CC1DDA2152414A00544DF8 /* RxUIViewController.swift */; };
		90CC1DDF2152414A00544DF8 /* ActivityIndicator.swift in Sources */ = {isa = PBXBuildFile; fileRef = 90CC1DDB2152414A00544DF8 /* ActivityIndicator.swift */; };
		90CC1DE02152414A00544DF8 /* Enumerable.swift in Sources */ = {isa = PBXBuildFile; fileRef = 90CC1DDC2152414A00544DF8 /* Enumerable.swift */; };
		90CC1DE12152414A00544DF8 /* ErrorTracker.swift in Sources */ = {isa = PBXBuildFile; fileRef = 90CC1DDD2152414A00544DF8 /* ErrorTracker.swift */; };
		90CC1DE92152418C00544DF8 /* UIColor.swift in Sources */ = {isa = PBXBuildFile; fileRef = 90CC1DE22152418B00544DF8 /* UIColor.swift */; };
		90CC1DEA2152418C00544DF8 /* Driver.swift in Sources */ = {isa = PBXBuildFile; fileRef = 90CC1DE32152418B00544DF8 /* Driver.swift */; };
		90CC1DEB2152418C00544DF8 /* Strings.swift in Sources */ = {isa = PBXBuildFile; fileRef = 90CC1DE42152418C00544DF8 /* Strings.swift */; };
		90CC1DEC2152418C00544DF8 /* NSObject.swift in Sources */ = {isa = PBXBuildFile; fileRef = 90CC1DE52152418C00544DF8 /* NSObject.swift */; };
		90CC1DED2152418C00544DF8 /* UITableView.swift in Sources */ = {isa = PBXBuildFile; fileRef = 90CC1DE62152418C00544DF8 /* UITableView.swift */; };
		90CC1DEF2152418C00544DF8 /* UIView.swift in Sources */ = {isa = PBXBuildFile; fileRef = 90CC1DE82152418C00544DF8 /* UIView.swift */; };
		90CC1DF2215242E300544DF8 /* BaseNavigationController.swift in Sources */ = {isa = PBXBuildFile; fileRef = 90CC1DF0215242E200544DF8 /* BaseNavigationController.swift */; };
		90CC1DF3215242E300544DF8 /* BaseViewController.swift in Sources */ = {isa = PBXBuildFile; fileRef = 90CC1DF1215242E300544DF8 /* BaseViewController.swift */; };
		90CC1DF62152431200544DF8 /* ControllerProtocols.swift in Sources */ = {isa = PBXBuildFile; fileRef = 90CC1DF42152431200544DF8 /* ControllerProtocols.swift */; };
		90CC1DF72152431200544DF8 /* DisposableClass.swift in Sources */ = {isa = PBXBuildFile; fileRef = 90CC1DF52152431200544DF8 /* DisposableClass.swift */; };
		90CC1DFF2152436F00544DF8 /* API.swift in Sources */ = {isa = PBXBuildFile; fileRef = 90CC1DF92152436E00544DF8 /* API.swift */; };
		90CC1E002152436F00544DF8 /* APIRequestProtocol.swift in Sources */ = {isa = PBXBuildFile; fileRef = 90CC1DFA2152436E00544DF8 /* APIRequestProtocol.swift */; };
		90CC1E022152436F00544DF8 /* URLRequest.swift in Sources */ = {isa = PBXBuildFile; fileRef = 90CC1DFC2152436E00544DF8 /* URLRequest.swift */; };
		90CC1E052152443B00544DF8 /* Application.swift in Sources */ = {isa = PBXBuildFile; fileRef = 90CC1E042152443B00544DF8 /* Application.swift */; };
		90CF192C2153599800C5A278 /* HeroViewController.swift in Sources */ = {isa = PBXBuildFile; fileRef = 90CF192A2153599800C5A278 /* HeroViewController.swift */; };
		90CF192D2153599800C5A278 /* HeroViewController.xib in Resources */ = {isa = PBXBuildFile; fileRef = 90CF192B2153599800C5A278 /* HeroViewController.xib */; };
		90CF19312153784900C5A278 /* HomeCollectionViewCell.swift in Sources */ = {isa = PBXBuildFile; fileRef = 90CF192F2153784900C5A278 /* HomeCollectionViewCell.swift */; };
		90CF19322153784900C5A278 /* HomeCollectionViewCell.xib in Resources */ = {isa = PBXBuildFile; fileRef = 90CF19302153784900C5A278 /* HomeCollectionViewCell.xib */; };
		90CF193421537DF800C5A278 /* Hero.swift in Sources */ = {isa = PBXBuildFile; fileRef = 90CF193321537DF800C5A278 /* Hero.swift */; };
		90CF193621537EB300C5A278 /* ImageHero.swift in Sources */ = {isa = PBXBuildFile; fileRef = 90CF193521537EB300C5A278 /* ImageHero.swift */; };
		90CF1939215386F200C5A278 /* APIHero.swift in Sources */ = {isa = PBXBuildFile; fileRef = 90CF1938215386F200C5A278 /* APIHero.swift */; };
		90CF193B21538DD700C5A278 /* ObjectMapper.swift in Sources */ = {isa = PBXBuildFile; fileRef = 90CF193A21538DD700C5A278 /* ObjectMapper.swift */; };
/* End PBXBuildFile section */

/* Begin PBXFileReference section */
		11B390D12AB538A1A73F6245 /* Pods-IOS_Marvel.debug.xcconfig */ = {isa = PBXFileReference; includeInIndex = 1; lastKnownFileType = text.xcconfig; name = "Pods-IOS_Marvel.debug.xcconfig"; path = "Pods/Target Support Files/Pods-IOS_Marvel/Pods-IOS_Marvel.debug.xcconfig"; sourceTree = "<group>"; };
		64F1D745C082D5A371788718 /* Pods_IOS_Marvel.framework */ = {isa = PBXFileReference; explicitFileType = wrapper.framework; includeInIndex = 0; path = Pods_IOS_Marvel.framework; sourceTree = BUILT_PRODUCTS_DIR; };
		904B2F4421533B220021ECC9 /* HomeViewModel.swift */ = {isa = PBXFileReference; lastKnownFileType = sourcecode.swift; path = HomeViewModel.swift; sourceTree = "<group>"; };
		904B2F4621533B3A0021ECC9 /* HomeNavigator.swift */ = {isa = PBXFileReference; lastKnownFileType = sourcecode.swift; path = HomeNavigator.swift; sourceTree = "<group>"; };
		904B2F4C21533BCF0021ECC9 /* HomeViewController.swift */ = {isa = PBXFileReference; lastKnownFileType = sourcecode.swift; path = HomeViewController.swift; sourceTree = "<group>"; };
		904B2F4D21533BCF0021ECC9 /* HomeViewController.xib */ = {isa = PBXFileReference; lastKnownFileType = file.xib; path = HomeViewController.xib; sourceTree = "<group>"; };
		904B2F50215353830021ECC9 /* FavoriteViewController.swift */ = {isa = PBXFileReference; lastKnownFileType = sourcecode.swift; path = FavoriteViewController.swift; sourceTree = "<group>"; };
		904B2F51215353830021ECC9 /* FavoriteViewController.xib */ = {isa = PBXFileReference; lastKnownFileType = file.xib; path = FavoriteViewController.xib; sourceTree = "<group>"; };
		904B2F54215353A40021ECC9 /* FavoriteViewModel.swift */ = {isa = PBXFileReference; lastKnownFileType = sourcecode.swift; path = FavoriteViewModel.swift; sourceTree = "<group>"; };
		904B2F56215353BB0021ECC9 /* FavoriteNavigator.swift */ = {isa = PBXFileReference; lastKnownFileType = sourcecode.swift; path = FavoriteNavigator.swift; sourceTree = "<group>"; };
		904B2F58215353FF0021ECC9 /* HeroViewModel.swift */ = {isa = PBXFileReference; lastKnownFileType = sourcecode.swift; path = HeroViewModel.swift; sourceTree = "<group>"; };
		904B2F5A215354130021ECC9 /* HeroNavigator.swift */ = {isa = PBXFileReference; lastKnownFileType = sourcecode.swift; path = HeroNavigator.swift; sourceTree = "<group>"; };
		905EF8B121587D2D004EC962 /* DetailViewModel.swift */ = {isa = PBXFileReference; lastKnownFileType = sourcecode.swift; path = DetailViewModel.swift; sourceTree = "<group>"; };
		905EF8B321587D42004EC962 /* DetailNavigator.swift */ = {isa = PBXFileReference; lastKnownFileType = sourcecode.swift; path = DetailNavigator.swift; sourceTree = "<group>"; };
		905EF8B521587D63004EC962 /* DetailViewController.swift */ = {isa = PBXFileReference; lastKnownFileType = sourcecode.swift; path = DetailViewController.swift; sourceTree = "<group>"; };
		905EF8B621587D63004EC962 /* DetailViewController.xib */ = {isa = PBXFileReference; lastKnownFileType = file.xib; path = DetailViewController.xib; sourceTree = "<group>"; };
		905EF8B92158BEB1004EC962 /* URLTransform.swift */ = {isa = PBXFileReference; lastKnownFileType = sourcecode.swift; path = URLTransform.swift; sourceTree = "<group>"; };
		907C0C122154868900FA10AA /* AppError.swift */ = {isa = PBXFileReference; lastKnownFileType = sourcecode.swift; path = AppError.swift; sourceTree = "<group>"; };
		907C0C142154892700FA10AA /* Response.swift */ = {isa = PBXFileReference; lastKnownFileType = sourcecode.swift; path = Response.swift; sourceTree = "<group>"; };
		907C0C1621549D1100FA10AA /* ViewModelProtocol.swift */ = {isa = PBXFileReference; lastKnownFileType = sourcecode.swift; path = ViewModelProtocol.swift; sourceTree = "<group>"; };
		907C0C182154C97D00FA10AA /* UICollectionView.swift */ = {isa = PBXFileReference; lastKnownFileType = sourcecode.swift; path = UICollectionView.swift; sourceTree = "<group>"; };
		90CC1DB921523C1600544DF8 /* IOS_Marvel.app */ = {isa = PBXFileReference; explicitFileType = wrapper.application; includeInIndex = 0; path = IOS_Marvel.app; sourceTree = BUILT_PRODUCTS_DIR; };
		90CC1DBC21523C1600544DF8 /* AppDelegate.swift */ = {isa = PBXFileReference; lastKnownFileType = sourcecode.swift; path = AppDelegate.swift; sourceTree = "<group>"; };
		90CC1DC121523C1600544DF8 /* Base */ = {isa = PBXFileReference; lastKnownFileType = file.storyboard; name = Base; path = Base.lproj/Main.storyboard; sourceTree = "<group>"; };
		90CC1DC321523C1900544DF8 /* Assets.xcassets */ = {isa = PBXFileReference; lastKnownFileType = folder.assetcatalog; path = Assets.xcassets; sourceTree = "<group>"; };
		90CC1DC621523C1900544DF8 /* Base */ = {isa = PBXFileReference; lastKnownFileType = file.storyboard; name = Base; path = Base.lproj/LaunchScreen.storyboard; sourceTree = "<group>"; };
		90CC1DC821523C1900544DF8 /* Info.plist */ = {isa = PBXFileReference; lastKnownFileType = text.plist.xml; path = Info.plist; sourceTree = "<group>"; };
		90CC1DD721523FD300544DF8 /* BaseViewModel.swift */ = {isa = PBXFileReference; lastKnownFileType = sourcecode.swift; path = BaseViewModel.swift; sourceTree = "<group>"; };
		90CC1DDA2152414A00544DF8 /* RxUIViewController.swift */ = {isa = PBXFileReference; fileEncoding = 4; lastKnownFileType = sourcecode.swift; path = RxUIViewController.swift; sourceTree = "<group>"; };
		90CC1DDB2152414A00544DF8 /* ActivityIndicator.swift */ = {isa = PBXFileReference; fileEncoding = 4; lastKnownFileType = sourcecode.swift; path = ActivityIndicator.swift; sourceTree = "<group>"; };
		90CC1DDC2152414A00544DF8 /* Enumerable.swift */ = {isa = PBXFileReference; fileEncoding = 4; lastKnownFileType = sourcecode.swift; path = Enumerable.swift; sourceTree = "<group>"; };
		90CC1DDD2152414A00544DF8 /* ErrorTracker.swift */ = {isa = PBXFileReference; fileEncoding = 4; lastKnownFileType = sourcecode.swift; path = ErrorTracker.swift; sourceTree = "<group>"; };
		90CC1DE22152418B00544DF8 /* UIColor.swift */ = {isa = PBXFileReference; fileEncoding = 4; lastKnownFileType = sourcecode.swift; path = UIColor.swift; sourceTree = "<group>"; };
		90CC1DE32152418B00544DF8 /* Driver.swift */ = {isa = PBXFileReference; fileEncoding = 4; lastKnownFileType = sourcecode.swift; path = Driver.swift; sourceTree = "<group>"; };
		90CC1DE42152418C00544DF8 /* Strings.swift */ = {isa = PBXFileReference; fileEncoding = 4; lastKnownFileType = sourcecode.swift; path = Strings.swift; sourceTree = "<group>"; };
		90CC1DE52152418C00544DF8 /* NSObject.swift */ = {isa = PBXFileReference; fileEncoding = 4; lastKnownFileType = sourcecode.swift; path = NSObject.swift; sourceTree = "<group>"; };
		90CC1DE62152418C00544DF8 /* UITableView.swift */ = {isa = PBXFileReference; fileEncoding = 4; lastKnownFileType = sourcecode.swift; path = UITableView.swift; sourceTree = "<group>"; };
		90CC1DE82152418C00544DF8 /* UIView.swift */ = {isa = PBXFileReference; fileEncoding = 4; lastKnownFileType = sourcecode.swift; path = UIView.swift; sourceTree = "<group>"; };
		90CC1DF0215242E200544DF8 /* BaseNavigationController.swift */ = {isa = PBXFileReference; fileEncoding = 4; lastKnownFileType = sourcecode.swift; path = BaseNavigationController.swift; sourceTree = "<group>"; };
		90CC1DF1215242E300544DF8 /* BaseViewController.swift */ = {isa = PBXFileReference; fileEncoding = 4; lastKnownFileType = sourcecode.swift; path = BaseViewController.swift; sourceTree = "<group>"; };
		90CC1DF42152431200544DF8 /* ControllerProtocols.swift */ = {isa = PBXFileReference; fileEncoding = 4; lastKnownFileType = sourcecode.swift; path = ControllerProtocols.swift; sourceTree = "<group>"; };
		90CC1DF52152431200544DF8 /* DisposableClass.swift */ = {isa = PBXFileReference; fileEncoding = 4; lastKnownFileType = sourcecode.swift; path = DisposableClass.swift; sourceTree = "<group>"; };
		90CC1DF92152436E00544DF8 /* API.swift */ = {isa = PBXFileReference; fileEncoding = 4; lastKnownFileType = sourcecode.swift; path = API.swift; sourceTree = "<group>"; };
		90CC1DFA2152436E00544DF8 /* APIRequestProtocol.swift */ = {isa = PBXFileReference; fileEncoding = 4; lastKnownFileType = sourcecode.swift; path = APIRequestProtocol.swift; sourceTree = "<group>"; };
		90CC1DFC2152436E00544DF8 /* URLRequest.swift */ = {isa = PBXFileReference; fileEncoding = 4; lastKnownFileType = sourcecode.swift; path = URLRequest.swift; sourceTree = "<group>"; };
		90CC1E042152443B00544DF8 /* Application.swift */ = {isa = PBXFileReference; lastKnownFileType = sourcecode.swift; path = Application.swift; sourceTree = "<group>"; };
		90CF192A2153599800C5A278 /* HeroViewController.swift */ = {isa = PBXFileReference; lastKnownFileType = sourcecode.swift; path = HeroViewController.swift; sourceTree = "<group>"; };
		90CF192B2153599800C5A278 /* HeroViewController.xib */ = {isa = PBXFileReference; lastKnownFileType = file.xib; path = HeroViewController.xib; sourceTree = "<group>"; };
		90CF192F2153784900C5A278 /* HomeCollectionViewCell.swift */ = {isa = PBXFileReference; lastKnownFileType = sourcecode.swift; path = HomeCollectionViewCell.swift; sourceTree = "<group>"; };
		90CF19302153784900C5A278 /* HomeCollectionViewCell.xib */ = {isa = PBXFileReference; lastKnownFileType = file.xib; path = HomeCollectionViewCell.xib; sourceTree = "<group>"; };
		90CF193321537DF800C5A278 /* Hero.swift */ = {isa = PBXFileReference; lastKnownFileType = sourcecode.swift; path = Hero.swift; sourceTree = "<group>"; };
		90CF193521537EB300C5A278 /* ImageHero.swift */ = {isa = PBXFileReference; lastKnownFileType = sourcecode.swift; path = ImageHero.swift; sourceTree = "<group>"; };
		90CF1938215386F200C5A278 /* APIHero.swift */ = {isa = PBXFileReference; lastKnownFileType = sourcecode.swift; path = APIHero.swift; sourceTree = "<group>"; };
		90CF193A21538DD700C5A278 /* ObjectMapper.swift */ = {isa = PBXFileReference; lastKnownFileType = sourcecode.swift; path = ObjectMapper.swift; sourceTree = "<group>"; };
		ABF6CF81204BFFAED367E80E /* Pods-IOS_Marvel.release.xcconfig */ = {isa = PBXFileReference; includeInIndex = 1; lastKnownFileType = text.xcconfig; name = "Pods-IOS_Marvel.release.xcconfig"; path = "Pods/Target Support Files/Pods-IOS_Marvel/Pods-IOS_Marvel.release.xcconfig"; sourceTree = "<group>"; };
/* End PBXFileReference section */

/* Begin PBXFrameworksBuildPhase section */
		90CC1DB621523C1600544DF8 /* Frameworks */ = {
			isa = PBXFrameworksBuildPhase;
			buildActionMask = 2147483647;
			files = (
				33CD61F80523CED9B229C19D /* Pods_IOS_Marvel.framework in Frameworks */,
			);
			runOnlyForDeploymentPostprocessing = 0;
		};
/* End PBXFrameworksBuildPhase section */

/* Begin PBXGroup section */
		498BF572C728C8C0B2F3C07E /* Pods */ = {
			isa = PBXGroup;
			children = (
				11B390D12AB538A1A73F6245 /* Pods-IOS_Marvel.debug.xcconfig */,
				ABF6CF81204BFFAED367E80E /* Pods-IOS_Marvel.release.xcconfig */,
			);
			name = Pods;
			sourceTree = "<group>";
		};
		814DF21130DCF78E0F57F706 /* Frameworks */ = {
			isa = PBXGroup;
			children = (
				64F1D745C082D5A371788718 /* Pods_IOS_Marvel.framework */,
			);
			name = Frameworks;
			sourceTree = "<group>";
		};
		904B2F4121533A160021ECC9 /* Home */ = {
			isa = PBXGroup;
			children = (
				904B2F4421533B220021ECC9 /* HomeViewModel.swift */,
				904B2F4621533B3A0021ECC9 /* HomeNavigator.swift */,
				904B2F4C21533BCF0021ECC9 /* HomeViewController.swift */,
				904B2F4D21533BCF0021ECC9 /* HomeViewController.xib */,
			);
			path = Home;
			sourceTree = "<group>";
		};
		904B2F4221533A480021ECC9 /* Hero */ = {
			isa = PBXGroup;
			children = (
				90CF192E2153782600C5A278 /* Cells */,
				904B2F58215353FF0021ECC9 /* HeroViewModel.swift */,
				904B2F5A215354130021ECC9 /* HeroNavigator.swift */,
				90CF192A2153599800C5A278 /* HeroViewController.swift */,
				90CF192B2153599800C5A278 /* HeroViewController.xib */,
			);
			path = Hero;
			sourceTree = "<group>";
		};
		904B2F4321533A5B0021ECC9 /* Favorite */ = {
			isa = PBXGroup;
			children = (
				904B2F50215353830021ECC9 /* FavoriteViewController.swift */,
				904B2F54215353A40021ECC9 /* FavoriteViewModel.swift */,
				904B2F56215353BB0021ECC9 /* FavoriteNavigator.swift */,
				904B2F51215353830021ECC9 /* FavoriteViewController.xib */,
			);
			path = Favorite;
			sourceTree = "<group>";
		};
		905EF8B021587CE5004EC962 /* Detail */ = {
			isa = PBXGroup;
			children = (
				905EF8B121587D2D004EC962 /* DetailViewModel.swift */,
				905EF8B321587D42004EC962 /* DetailNavigator.swift */,
				905EF8B521587D63004EC962 /* DetailViewController.swift */,
				905EF8B621587D63004EC962 /* DetailViewController.xib */,
			);
			path = Detail;
			sourceTree = "<group>";
		};
		907C0C112154865F00FA10AA /* Error */ = {
			isa = PBXGroup;
			children = (
				907C0C122154868900FA10AA /* AppError.swift */,
			);
			path = Error;
			sourceTree = "<group>";
		};
		90CC1DB021523C1600544DF8 = {
			isa = PBXGroup;
			children = (
				90CC1DBB21523C1600544DF8 /* IOS_Marvel */,
				90CC1DBA21523C1600544DF8 /* Products */,
				498BF572C728C8C0B2F3C07E /* Pods */,
				814DF21130DCF78E0F57F706 /* Frameworks */,
			);
			sourceTree = "<group>";
		};
		90CC1DBA21523C1600544DF8 /* Products */ = {
			isa = PBXGroup;
			children = (
				90CC1DB921523C1600544DF8 /* IOS_Marvel.app */,
			);
			name = Products;
			sourceTree = "<group>";
		};
		90CC1DBB21523C1600544DF8 /* IOS_Marvel */ = {
			isa = PBXGroup;
			children = (
				90CC1DCF21523D1E00544DF8 /* Src */,
				90CC1DCE21523D0F00544DF8 /* Resource */,
				90CC1DC821523C1900544DF8 /* Info.plist */,
			);
			path = IOS_Marvel;
			sourceTree = "<group>";
		};
		90CC1DCE21523D0F00544DF8 /* Resource */ = {
			isa = PBXGroup;
			children = (
				90CC1DC521523C1900544DF8 /* LaunchScreen.storyboard */,
				90CC1DC321523C1900544DF8 /* Assets.xcassets */,
				90CC1DC021523C1600544DF8 /* Main.storyboard */,
			);
			path = Resource;
			sourceTree = "<group>";
		};
		90CC1DCF21523D1E00544DF8 /* Src */ = {
			isa = PBXGroup;
			children = (
				90CC1DD021523D3A00544DF8 /* Base */,
				90CC1DD221523D7F00544DF8 /* Network */,
				90CC1DD521523DA500544DF8 /* Model */,
				90CC1DD621523DAD00544DF8 /* Utils */,
				90CC1DD121523D4600544DF8 /* Protocols */,
				90CC1DD321523D8E00544DF8 /* Extensions */,
				90CC1DD421523D9900544DF8 /* Screens */,
				90CC1DBC21523C1600544DF8 /* AppDelegate.swift */,
				90CC1E042152443B00544DF8 /* Application.swift */,
			);
			path = Src;
			sourceTree = "<group>";
		};
		90CC1DD021523D3A00544DF8 /* Base */ = {
			isa = PBXGroup;
			children = (
				90CC1DF0215242E200544DF8 /* BaseNavigationController.swift */,
				90CC1DF1215242E300544DF8 /* BaseViewController.swift */,
				90CC1DD721523FD300544DF8 /* BaseViewModel.swift */,
			);
			path = Base;
			sourceTree = "<group>";
		};
		90CC1DD121523D4600544DF8 /* Protocols */ = {
			isa = PBXGroup;
			children = (
				907C0C1621549D1100FA10AA /* ViewModelProtocol.swift */,
				90CC1DF42152431200544DF8 /* ControllerProtocols.swift */,
				90CC1DF52152431200544DF8 /* DisposableClass.swift */,
			);
			path = Protocols;
			sourceTree = "<group>";
		};
		90CC1DD221523D7F00544DF8 /* Network */ = {
			isa = PBXGroup;
			children = (
				907C0C112154865F00FA10AA /* Error */,
				90CF19372153867E00C5A278 /* Core */,
				90CF1938215386F200C5A278 /* APIHero.swift */,
				907C0C142154892700FA10AA /* Response.swift */,
			);
			path = Network;
			sourceTree = "<group>";
		};
		90CC1DD321523D8E00544DF8 /* Extensions */ = {
			isa = PBXGroup;
			children = (
				90CC1DE32152418B00544DF8 /* Driver.swift */,
				90CC1DE52152418C00544DF8 /* NSObject.swift */,
				90CC1DE42152418C00544DF8 /* Strings.swift */,
				90CC1DE22152418B00544DF8 /* UIColor.swift */,
				90CC1DE62152418C00544DF8 /* UITableView.swift */,
				90CC1DE82152418C00544DF8 /* UIView.swift */,
				90CF193A21538DD700C5A278 /* ObjectMapper.swift */,
				907C0C182154C97D00FA10AA /* UICollectionView.swift */,
			);
			path = Extensions;
			sourceTree = "<group>";
		};
		90CC1DD421523D9900544DF8 /* Screens */ = {
			isa = PBXGroup;
			children = (
				905EF8B021587CE5004EC962 /* Detail */,
				904B2F4221533A480021ECC9 /* Hero */,
				904B2F4321533A5B0021ECC9 /* Favorite */,
				904B2F4121533A160021ECC9 /* Home */,
			);
			path = Screens;
			sourceTree = "<group>";
		};
		90CC1DD521523DA500544DF8 /* Model */ = {
			isa = PBXGroup;
			children = (
				90CF193321537DF800C5A278 /* Hero.swift */,
				90CF193521537EB300C5A278 /* ImageHero.swift */,
				905EF8B92158BEB1004EC962 /* URLTransform.swift */,
			);
			path = Model;
			sourceTree = "<group>";
		};
		90CC1DD621523DAD00544DF8 /* Utils */ = {
			isa = PBXGroup;
			children = (
				90CC1DDB2152414A00544DF8 /* ActivityIndicator.swift */,
				90CC1DDC2152414A00544DF8 /* Enumerable.swift */,
				90CC1DDD2152414A00544DF8 /* ErrorTracker.swift */,
				90CC1DDA2152414A00544DF8 /* RxUIViewController.swift */,
			);
			path = Utils;
			sourceTree = "<group>";
		};
		90CF192E2153782600C5A278 /* Cells */ = {
			isa = PBXGroup;
			children = (
				90CF192F2153784900C5A278 /* HomeCollectionViewCell.swift */,
				90CF19302153784900C5A278 /* HomeCollectionViewCell.xib */,
			);
			path = Cells;
			sourceTree = "<group>";
		};
		90CF19372153867E00C5A278 /* Core */ = {
			isa = PBXGroup;
			children = (
				90CC1DFC2152436E00544DF8 /* URLRequest.swift */,
				90CC1DFA2152436E00544DF8 /* APIRequestProtocol.swift */,
				90CC1DF92152436E00544DF8 /* API.swift */,
			);
			path = Core;
			sourceTree = "<group>";
		};
/* End PBXGroup section */

/* Begin PBXNativeTarget section */
		90CC1DB821523C1600544DF8 /* IOS_Marvel */ = {
			isa = PBXNativeTarget;
			buildConfigurationList = 90CC1DCB21523C1900544DF8 /* Build configuration list for PBXNativeTarget "IOS_Marvel" */;
			buildPhases = (
				FD11E1BDF4558FA9DD6B4B93 /* [CP] Check Pods Manifest.lock */,
				90CC1DB521523C1600544DF8 /* Sources */,
				90CC1DB621523C1600544DF8 /* Frameworks */,
				90CC1DB721523C1600544DF8 /* Resources */,
				F7C25517FD5CA5C430D3B8A6 /* [CP] Embed Pods Frameworks */,
			);
			buildRules = (
			);
			dependencies = (
			);
			name = IOS_Marvel;
			productName = IOS_Marvel;
			productReference = 90CC1DB921523C1600544DF8 /* IOS_Marvel.app */;
			productType = "com.apple.product-type.application";
		};
/* End PBXNativeTarget section */

/* Begin PBXProject section */
		90CC1DB121523C1600544DF8 /* Project object */ = {
			isa = PBXProject;
			attributes = {
				LastSwiftUpdateCheck = 1000;
				LastUpgradeCheck = 1000;
				ORGANIZATIONNAME = phan.xuan.thuan;
				TargetAttributes = {
					90CC1DB821523C1600544DF8 = {
						CreatedOnToolsVersion = 10.0;
					};
				};
			};
			buildConfigurationList = 90CC1DB421523C1600544DF8 /* Build configuration list for PBXProject "IOS_Marvel" */;
			compatibilityVersion = "Xcode 9.3";
			developmentRegion = en;
			hasScannedForEncodings = 0;
			knownRegions = (
				en,
				Base,
			);
			mainGroup = 90CC1DB021523C1600544DF8;
			productRefGroup = 90CC1DBA21523C1600544DF8 /* Products */;
			projectDirPath = "";
			projectRoot = "";
			targets = (
				90CC1DB821523C1600544DF8 /* IOS_Marvel */,
			);
		};
/* End PBXProject section */

/* Begin PBXResourcesBuildPhase section */
		90CC1DB721523C1600544DF8 /* Resources */ = {
			isa = PBXResourcesBuildPhase;
			buildActionMask = 2147483647;
			files = (
				90CC1DC721523C1900544DF8 /* LaunchScreen.storyboard in Resources */,
				90CC1DC421523C1900544DF8 /* Assets.xcassets in Resources */,
				90CF192D2153599800C5A278 /* HeroViewController.xib in Resources */,
				905EF8B821587D63004EC962 /* DetailViewController.xib in Resources */,
				90CC1DC221523C1600544DF8 /* Main.storyboard in Resources */,
				90CF19322153784900C5A278 /* HomeCollectionViewCell.xib in Resources */,
				904B2F53215353830021ECC9 /* FavoriteViewController.xib in Resources */,
				904B2F4F21533BCF0021ECC9 /* HomeViewController.xib in Resources */,
			);
			runOnlyForDeploymentPostprocessing = 0;
		};
/* End PBXResourcesBuildPhase section */

/* Begin PBXShellScriptBuildPhase section */
		F7C25517FD5CA5C430D3B8A6 /* [CP] Embed Pods Frameworks */ = {
			isa = PBXShellScriptBuildPhase;
			buildActionMask = 2147483647;
			files = (
			);
			inputFileListPaths = (
			);
			inputPaths = (
				"${SRCROOT}/Pods/Target Support Files/Pods-IOS_Marvel/Pods-IOS_Marvel-frameworks.sh",
				"${BUILT_PRODUCTS_DIR}/Alamofire/Alamofire.framework",
				"${BUILT_PRODUCTS_DIR}/AlamofireNetworkActivityLogger/AlamofireNetworkActivityLogger.framework",
				"${BUILT_PRODUCTS_DIR}/Kingfisher/Kingfisher.framework",
				"${BUILT_PRODUCTS_DIR}/ObjectMapper/ObjectMapper.framework",
				"${BUILT_PRODUCTS_DIR}/RxAlamofire/RxAlamofire.framework",
				"${BUILT_PRODUCTS_DIR}/RxCocoa/RxCocoa.framework",
				"${BUILT_PRODUCTS_DIR}/RxSwift/RxSwift.framework",
				"${BUILT_PRODUCTS_DIR}/SVProgressHUD/SVProgressHUD.framework",
				"${BUILT_PRODUCTS_DIR}/SwiftyJSON/SwiftyJSON.framework",
				"${BUILT_PRODUCTS_DIR}/WCLShineButton/WCLShineButton.framework",
			);
			name = "[CP] Embed Pods Frameworks";
			outputFileListPaths = (
			);
			outputPaths = (
				"${TARGET_BUILD_DIR}/${FRAMEWORKS_FOLDER_PATH}/Alamofire.framework",
				"${TARGET_BUILD_DIR}/${FRAMEWORKS_FOLDER_PATH}/AlamofireNetworkActivityLogger.framework",
				"${TARGET_BUILD_DIR}/${FRAMEWORKS_FOLDER_PATH}/Kingfisher.framework",
				"${TARGET_BUILD_DIR}/${FRAMEWORKS_FOLDER_PATH}/ObjectMapper.framework",
				"${TARGET_BUILD_DIR}/${FRAMEWORKS_FOLDER_PATH}/RxAlamofire.framework",
				"${TARGET_BUILD_DIR}/${FRAMEWORKS_FOLDER_PATH}/RxCocoa.framework",
				"${TARGET_BUILD_DIR}/${FRAMEWORKS_FOLDER_PATH}/RxSwift.framework",
				"${TARGET_BUILD_DIR}/${FRAMEWORKS_FOLDER_PATH}/SVProgressHUD.framework",
				"${TARGET_BUILD_DIR}/${FRAMEWORKS_FOLDER_PATH}/SwiftyJSON.framework",
				"${TARGET_BUILD_DIR}/${FRAMEWORKS_FOLDER_PATH}/WCLShineButton.framework",
			);
			runOnlyForDeploymentPostprocessing = 0;
			shellPath = /bin/sh;
			shellScript = "\"${SRCROOT}/Pods/Target Support Files/Pods-IOS_Marvel/Pods-IOS_Marvel-frameworks.sh\"\n";
			showEnvVarsInLog = 0;
		};
		FD11E1BDF4558FA9DD6B4B93 /* [CP] Check Pods Manifest.lock */ = {
			isa = PBXShellScriptBuildPhase;
			buildActionMask = 2147483647;
			files = (
			);
			inputFileListPaths = (
			);
			inputPaths = (
				"${PODS_PODFILE_DIR_PATH}/Podfile.lock",
				"${PODS_ROOT}/Manifest.lock",
			);
			name = "[CP] Check Pods Manifest.lock";
			outputFileListPaths = (
			);
			outputPaths = (
				"$(DERIVED_FILE_DIR)/Pods-IOS_Marvel-checkManifestLockResult.txt",
			);
			runOnlyForDeploymentPostprocessing = 0;
			shellPath = /bin/sh;
			shellScript = "diff \"${PODS_PODFILE_DIR_PATH}/Podfile.lock\" \"${PODS_ROOT}/Manifest.lock\" > /dev/null\nif [ $? != 0 ] ; then\n    # print error to STDERR\n    echo \"error: The sandbox is not in sync with the Podfile.lock. Run 'pod install' or update your CocoaPods installation.\" >&2\n    exit 1\nfi\n# This output is used by Xcode 'outputs' to avoid re-running this script phase.\necho \"SUCCESS\" > \"${SCRIPT_OUTPUT_FILE_0}\"\n";
			showEnvVarsInLog = 0;
		};
/* End PBXShellScriptBuildPhase section */

/* Begin PBXSourcesBuildPhase section */
		90CC1DB521523C1600544DF8 /* Sources */ = {
			isa = PBXSourcesBuildPhase;
			buildActionMask = 2147483647;
			files = (
				90CF192C2153599800C5A278 /* HeroViewController.swift in Sources */,
				90CF193B21538DD700C5A278 /* ObjectMapper.swift in Sources */,
				905EF8BA2158BEB1004EC962 /* URLTransform.swift in Sources */,
				90CC1DE12152414A00544DF8 /* ErrorTracker.swift in Sources */,
				904B2F4721533B3A0021ECC9 /* HomeNavigator.swift in Sources */,
				90CC1DFF2152436F00544DF8 /* API.swift in Sources */,
				90CC1DEC2152418C00544DF8 /* NSObject.swift in Sources */,
				905EF8B421587D42004EC962 /* DetailNavigator.swift in Sources */,
				904B2F59215353FF0021ECC9 /* HeroViewModel.swift in Sources */,
				90CC1DF72152431200544DF8 /* DisposableClass.swift in Sources */,
				90CC1DEB2152418C00544DF8 /* Strings.swift in Sources */,
				905EF8B721587D63004EC962 /* DetailViewController.swift in Sources */,
				904B2F55215353A40021ECC9 /* FavoriteViewModel.swift in Sources */,
				90CC1DDF2152414A00544DF8 /* ActivityIndicator.swift in Sources */,
				90CC1E022152436F00544DF8 /* URLRequest.swift in Sources */,
				90CC1DF3215242E300544DF8 /* BaseViewController.swift in Sources */,
				90CC1DED2152418C00544DF8 /* UITableView.swift in Sources */,
				90CC1DBD21523C1600544DF8 /* AppDelegate.swift in Sources */,
				904B2F4E21533BCF0021ECC9 /* HomeViewController.swift in Sources */,
				90CF1939215386F200C5A278 /* APIHero.swift in Sources */,
				907C0C132154868900FA10AA /* AppError.swift in Sources */,
				907C0C192154C97D00FA10AA /* UICollectionView.swift in Sources */,
				90CC1DE02152414A00544DF8 /* Enumerable.swift in Sources */,
				90CF193621537EB300C5A278 /* ImageHero.swift in Sources */,
				90CC1DF2215242E300544DF8 /* BaseNavigationController.swift in Sources */,
				905EF8B221587D2D004EC962 /* DetailViewModel.swift in Sources */,
				90CF193421537DF800C5A278 /* Hero.swift in Sources */,
				90CF19312153784900C5A278 /* HomeCollectionViewCell.swift in Sources */,
				90CC1DE92152418C00544DF8 /* UIColor.swift in Sources */,
				907C0C152154892700FA10AA /* Response.swift in Sources */,
				90CC1E052152443B00544DF8 /* Application.swift in Sources */,
				904B2F57215353BB0021ECC9 /* FavoriteNavigator.swift in Sources */,
				90CC1DEF2152418C00544DF8 /* UIView.swift in Sources */,
				90CC1DEA2152418C00544DF8 /* Driver.swift in Sources */,
				90CC1DF62152431200544DF8 /* ControllerProtocols.swift in Sources */,
				904B2F5B215354130021ECC9 /* HeroNavigator.swift in Sources */,
				904B2F4521533B220021ECC9 /* HomeViewModel.swift in Sources */,
				904B2F52215353830021ECC9 /* FavoriteViewController.swift in Sources */,
				90CC1E002152436F00544DF8 /* APIRequestProtocol.swift in Sources */,
				90CC1DDE2152414A00544DF8 /* RxUIViewController.swift in Sources */,
				907C0C1721549D1100FA10AA /* ViewModelProtocol.swift in Sources */,
				90CC1DD821523FD300544DF8 /* BaseViewModel.swift in Sources */,
			);
			runOnlyForDeploymentPostprocessing = 0;
		};
/* End PBXSourcesBuildPhase section */

/* Begin PBXVariantGroup section */
		90CC1DC021523C1600544DF8 /* Main.storyboard */ = {
			isa = PBXVariantGroup;
			children = (
				90CC1DC121523C1600544DF8 /* Base */,
			);
			name = Main.storyboard;
			sourceTree = "<group>";
		};
		90CC1DC521523C1900544DF8 /* LaunchScreen.storyboard */ = {
			isa = PBXVariantGroup;
			children = (
				90CC1DC621523C1900544DF8 /* Base */,
			);
			name = LaunchScreen.storyboard;
			sourceTree = "<group>";
		};
/* End PBXVariantGroup section */

/* Begin XCBuildConfiguration section */
		90CC1DC921523C1900544DF8 /* Debug */ = {
			isa = XCBuildConfiguration;
			buildSettings = {
				ALWAYS_SEARCH_USER_PATHS = NO;
				CLANG_ANALYZER_NONNULL = YES;
				CLANG_ANALYZER_NUMBER_OBJECT_CONVERSION = YES_AGGRESSIVE;
				CLANG_CXX_LANGUAGE_STANDARD = "gnu++14";
				CLANG_CXX_LIBRARY = "libc++";
				CLANG_ENABLE_MODULES = YES;
				CLANG_ENABLE_OBJC_ARC = YES;
				CLANG_ENABLE_OBJC_WEAK = YES;
				CLANG_WARN_BLOCK_CAPTURE_AUTORELEASING = YES;
				CLANG_WARN_BOOL_CONVERSION = YES;
				CLANG_WARN_COMMA = YES;
				CLANG_WARN_CONSTANT_CONVERSION = YES;
				CLANG_WARN_DEPRECATED_OBJC_IMPLEMENTATIONS = YES;
				CLANG_WARN_DIRECT_OBJC_ISA_USAGE = YES_ERROR;
				CLANG_WARN_DOCUMENTATION_COMMENTS = YES;
				CLANG_WARN_EMPTY_BODY = YES;
				CLANG_WARN_ENUM_CONVERSION = YES;
				CLANG_WARN_INFINITE_RECURSION = YES;
				CLANG_WARN_INT_CONVERSION = YES;
				CLANG_WARN_NON_LITERAL_NULL_CONVERSION = YES;
				CLANG_WARN_OBJC_IMPLICIT_RETAIN_SELF = YES;
				CLANG_WARN_OBJC_LITERAL_CONVERSION = YES;
				CLANG_WARN_OBJC_ROOT_CLASS = YES_ERROR;
				CLANG_WARN_RANGE_LOOP_ANALYSIS = YES;
				CLANG_WARN_STRICT_PROTOTYPES = YES;
				CLANG_WARN_SUSPICIOUS_MOVE = YES;
				CLANG_WARN_UNGUARDED_AVAILABILITY = YES_AGGRESSIVE;
				CLANG_WARN_UNREACHABLE_CODE = YES;
				CLANG_WARN__DUPLICATE_METHOD_MATCH = YES;
				CODE_SIGN_IDENTITY = "iPhone Developer";
				COPY_PHASE_STRIP = NO;
				DEBUG_INFORMATION_FORMAT = dwarf;
				ENABLE_STRICT_OBJC_MSGSEND = YES;
				ENABLE_TESTABILITY = YES;
				GCC_C_LANGUAGE_STANDARD = gnu11;
				GCC_DYNAMIC_NO_PIC = NO;
				GCC_NO_COMMON_BLOCKS = YES;
				GCC_OPTIMIZATION_LEVEL = 0;
				GCC_PREPROCESSOR_DEFINITIONS = (
					"DEBUG=1",
					"$(inherited)",
				);
				GCC_WARN_64_TO_32_BIT_CONVERSION = YES;
				GCC_WARN_ABOUT_RETURN_TYPE = YES_ERROR;
				GCC_WARN_UNDECLARED_SELECTOR = YES;
				GCC_WARN_UNINITIALIZED_AUTOS = YES_AGGRESSIVE;
				GCC_WARN_UNUSED_FUNCTION = YES;
				GCC_WARN_UNUSED_VARIABLE = YES;
				IPHONEOS_DEPLOYMENT_TARGET = 12.0;
				MTL_ENABLE_DEBUG_INFO = INCLUDE_SOURCE;
				MTL_FAST_MATH = YES;
				ONLY_ACTIVE_ARCH = YES;
				SDKROOT = iphoneos;
				SWIFT_ACTIVE_COMPILATION_CONDITIONS = DEBUG;
				SWIFT_OPTIMIZATION_LEVEL = "-Onone";
			};
			name = Debug;
		};
		90CC1DCA21523C1900544DF8 /* Release */ = {
			isa = XCBuildConfiguration;
			buildSettings = {
				ALWAYS_SEARCH_USER_PATHS = NO;
				CLANG_ANALYZER_NONNULL = YES;
				CLANG_ANALYZER_NUMBER_OBJECT_CONVERSION = YES_AGGRESSIVE;
				CLANG_CXX_LANGUAGE_STANDARD = "gnu++14";
				CLANG_CXX_LIBRARY = "libc++";
				CLANG_ENABLE_MODULES = YES;
				CLANG_ENABLE_OBJC_ARC = YES;
				CLANG_ENABLE_OBJC_WEAK = YES;
				CLANG_WARN_BLOCK_CAPTURE_AUTORELEASING = YES;
				CLANG_WARN_BOOL_CONVERSION = YES;
				CLANG_WARN_COMMA = YES;
				CLANG_WARN_CONSTANT_CONVERSION = YES;
				CLANG_WARN_DEPRECATED_OBJC_IMPLEMENTATIONS = YES;
				CLANG_WARN_DIRECT_OBJC_ISA_USAGE = YES_ERROR;
				CLANG_WARN_DOCUMENTATION_COMMENTS = YES;
				CLANG_WARN_EMPTY_BODY = YES;
				CLANG_WARN_ENUM_CONVERSION = YES;
				CLANG_WARN_INFINITE_RECURSION = YES;
				CLANG_WARN_INT_CONVERSION = YES;
				CLANG_WARN_NON_LITERAL_NULL_CONVERSION = YES;
				CLANG_WARN_OBJC_IMPLICIT_RETAIN_SELF = YES;
				CLANG_WARN_OBJC_LITERAL_CONVERSION = YES;
				CLANG_WARN_OBJC_ROOT_CLASS = YES_ERROR;
				CLANG_WARN_RANGE_LOOP_ANALYSIS = YES;
				CLANG_WARN_STRICT_PROTOTYPES = YES;
				CLANG_WARN_SUSPICIOUS_MOVE = YES;
				CLANG_WARN_UNGUARDED_AVAILABILITY = YES_AGGRESSIVE;
				CLANG_WARN_UNREACHABLE_CODE = YES;
				CLANG_WARN__DUPLICATE_METHOD_MATCH = YES;
				CODE_SIGN_IDENTITY = "iPhone Developer";
				COPY_PHASE_STRIP = NO;
				DEBUG_INFORMATION_FORMAT = "dwarf-with-dsym";
				ENABLE_NS_ASSERTIONS = NO;
				ENABLE_STRICT_OBJC_MSGSEND = YES;
				GCC_C_LANGUAGE_STANDARD = gnu11;
				GCC_NO_COMMON_BLOCKS = YES;
				GCC_WARN_64_TO_32_BIT_CONVERSION = YES;
				GCC_WARN_ABOUT_RETURN_TYPE = YES_ERROR;
				GCC_WARN_UNDECLARED_SELECTOR = YES;
				GCC_WARN_UNINITIALIZED_AUTOS = YES_AGGRESSIVE;
				GCC_WARN_UNUSED_FUNCTION = YES;
				GCC_WARN_UNUSED_VARIABLE = YES;
				IPHONEOS_DEPLOYMENT_TARGET = 12.0;
				MTL_ENABLE_DEBUG_INFO = NO;
				MTL_FAST_MATH = YES;
				SDKROOT = iphoneos;
				SWIFT_COMPILATION_MODE = wholemodule;
				SWIFT_OPTIMIZATION_LEVEL = "-O";
				VALIDATE_PRODUCT = YES;
			};
			name = Release;
		};
		90CC1DCC21523C1900544DF8 /* Debug */ = {
			isa = XCBuildConfiguration;
			baseConfigurationReference = 11B390D12AB538A1A73F6245 /* Pods-IOS_Marvel.debug.xcconfig */;
			buildSettings = {
				ASSETCATALOG_COMPILER_APPICON_NAME = AppIcon;
				CODE_SIGN_STYLE = Automatic;
				INFOPLIST_FILE = IOS_Marvel/Info.plist;
				IPHONEOS_DEPLOYMENT_TARGET = 11.0;
				LD_RUNPATH_SEARCH_PATHS = (
					"$(inherited)",
					"@executable_path/Frameworks",
				);
				PRODUCT_BUNDLE_IDENTIFIER = "framgia.IOS-Marvel";
				PRODUCT_NAME = "$(TARGET_NAME)";
				SWIFT_VERSION = 4.0;
				TARGETED_DEVICE_FAMILY = "1,2";
			};
			name = Debug;
		};
		90CC1DCD21523C1900544DF8 /* Release */ = {
			isa = XCBuildConfiguration;
			baseConfigurationReference = ABF6CF81204BFFAED367E80E /* Pods-IOS_Marvel.release.xcconfig */;
			buildSettings = {
				ASSETCATALOG_COMPILER_APPICON_NAME = AppIcon;
				CODE_SIGN_STYLE = Automatic;
				INFOPLIST_FILE = IOS_Marvel/Info.plist;
				IPHONEOS_DEPLOYMENT_TARGET = 11.0;
				LD_RUNPATH_SEARCH_PATHS = (
					"$(inherited)",
					"@executable_path/Frameworks",
				);
				PRODUCT_BUNDLE_IDENTIFIER = "framgia.IOS-Marvel";
				PRODUCT_NAME = "$(TARGET_NAME)";
				SWIFT_VERSION = 4.0;
				TARGETED_DEVICE_FAMILY = "1,2";
			};
			name = Release;
		};
/* End XCBuildConfiguration section */

/* Begin XCConfigurationList section */
		90CC1DB421523C1600544DF8 /* Build configuration list for PBXProject "IOS_Marvel" */ = {
			isa = XCConfigurationList;
			buildConfigurations = (
				90CC1DC921523C1900544DF8 /* Debug */,
				90CC1DCA21523C1900544DF8 /* Release */,
			);
			defaultConfigurationIsVisible = 0;
			defaultConfigurationName = Release;
		};
		90CC1DCB21523C1900544DF8 /* Build configuration list for PBXNativeTarget "IOS_Marvel" */ = {
			isa = XCConfigurationList;
			buildConfigurations = (
				90CC1DCC21523C1900544DF8 /* Debug */,
				90CC1DCD21523C1900544DF8 /* Release */,
			);
			defaultConfigurationIsVisible = 0;
			defaultConfigurationName = Release;
		};
/* End XCConfigurationList section */
	};
	rootObject = 90CC1DB121523C1600544DF8 /* Project object */;
}
